
Microsoft Visual Studio Solution File, Format Version 12.00
# Visual Studio Version 17
VisualStudioVersion = 17.10.35013.160
MinimumVisualStudioVersion = 10.0.40219.1
Project("{FAE04EC0-301F-11D3-BF4B-00C04F79EFBC}") = "Requqantizer", "Requqantizer\Requqantizer.csproj", "{EA98E179-55FB-4B30-BD36-C82AA20220E5}"
EndProject
Global
	GlobalSection(SolutionConfigurationPlatforms) = preSolution
		Debug|Any CPU = Debug|Any CPU
		Release|Any CPU = Release|Any CPU
	EndGlobalSection
	GlobalSection(ProjectConfigurationPlatforms) = postSolution
		{EA98E179-55FB-4B30-BD36-C82AA20220E5}.Debug|Any CPU.ActiveCfg = Debug|Any CPU
		{EA98E179-55FB-4B30-BD36-C82AA20220E5}.Debug|Any CPU.Build.0 = Debug|Any CPU
		{EA98E179-55FB-4B30-BD36-C82AA20220E5}.Release|Any CPU.ActiveCfg = Release|Any CPU
		{EA98E179-55FB-4B30-BD36-C82AA20220E5}.Release|Any CPU.Build.0 = Release|Any CPU
	EndGlobalSection
	GlobalSection(SolutionProperties) = preSolution
		HideSolutionNode = FALSE
	EndGlobalSection
	GlobalSection(ExtensibilityGlobals) = postSolution
		SolutionGuid = {61A8B570-C5B1-45AC-B97F-62EB702AAF36}
	EndGlobalSection
EndGlobal
